
Microsoft Visual Studio Solution File, Format Version 12.00
# Visual Studio 14
VisualStudioVersion = 14.0.25420.1
MinimumVisualStudioVersion = 10.0.40219.1
Project("{FAE04EC0-301F-11D3-BF4B-00C04F79EFBC}") = "SearchEngineLib", "SearchEngineLib\SearchEngineLib.csproj", "{6B84FA08-C746-412E-BCFF-7EEFD08C1D7C}"
EndProject
Project("{FAE04EC0-301F-11D3-BF4B-00C04F79EFBC}") = "IndexBuilder", "IndexBuilder\IndexBuilder.csproj", "{DD5B6306-CF05-42B7-9009-6D5A7CA42463}"
EndProject
Global
	GlobalSection(SolutionConfigurationPlatforms) = preSolution
		Debug|Any CPU = Debug|Any CPU
		Release|Any CPU = Release|Any CPU
	EndGlobalSection
	GlobalSection(ProjectConfigurationPlatforms) = postSolution
		{6B84FA08-C746-412E-BCFF-7EEFD08C1D7C}.Debug|Any CPU.ActiveCfg = Debug|Any CPU
		{6B84FA08-C746-412E-BCFF-7EEFD08C1D7C}.Debug|Any CPU.Build.0 = Debug|Any CPU
		{6B84FA08-C746-412E-BCFF-7EEFD08C1D7C}.Release|Any CPU.ActiveCfg = Release|Any CPU
		{6B84FA08-C746-412E-BCFF-7EEFD08C1D7C}.Release|Any CPU.Build.0 = Release|Any CPU
		{DD5B6306-CF05-42B7-9009-6D5A7CA42463}.Debug|Any CPU.ActiveCfg = Debug|Any CPU
		{DD5B6306-CF05-42B7-9009-6D5A7CA42463}.Debug|Any CPU.Build.0 = Debug|Any CPU
		{DD5B6306-CF05-42B7-9009-6D5A7CA42463}.Release|Any CPU.ActiveCfg = Release|Any CPU
		{DD5B6306-CF05-42B7-9009-6D5A7CA42463}.Release|Any CPU.Build.0 = Release|Any CPU
	EndGlobalSection
	GlobalSection(SolutionProperties) = preSolution
		HideSolutionNode = FALSE
	EndGlobalSection
EndGlobal
